// !$*UTF8*$!
{
	archiveVersion = 1;
	classes = {
	};
	objectVersion = 55;
	objects = {

/* Begin PBXBuildFile section */
		8D332B6F284F5C660054F5C8 /* AppDelegate.swift in Sources */ = {isa = PBXBuildFile; fileRef = 8D332B6E284F5C660054F5C8 /* AppDelegate.swift */; };
		8D332B71284F5C660054F5C8 /* SceneDelegate.swift in Sources */ = {isa = PBXBuildFile; fileRef = 8D332B70284F5C660054F5C8 /* SceneDelegate.swift */; };
		8D332B73284F5C660054F5C8 /* ViewController.swift in Sources */ = {isa = PBXBuildFile; fileRef = 8D332B72284F5C660054F5C8 /* ViewController.swift */; };
		8D332B76284F5C660054F5C8 /* Main.storyboard in Resources */ = {isa = PBXBuildFile; fileRef = 8D332B74284F5C660054F5C8 /* Main.storyboard */; };
		8D332B79284F5C660054F5C8 /* moudulesix.xcdatamodeld in Sources */ = {isa = PBXBuildFile; fileRef = 8D332B77284F5C660054F5C8 /* moudulesix.xcdatamodeld */; };
		8D332B7B284F5C680054F5C8 /* Assets.xcassets in Resources */ = {isa = PBXBuildFile; fileRef = 8D332B7A284F5C680054F5C8 /* Assets.xcassets */; };
		8D332B7E284F5C680054F5C8 /* LaunchScreen.storyboard in Resources */ = {isa = PBXBuildFile; fileRef = 8D332B7C284F5C680054F5C8 /* LaunchScreen.storyboard */; };
		8D332B89284F5CBB0054F5C8 /* HomeViewController.swift in Sources */ = {isa = PBXBuildFile; fileRef = 8D332B87284F5CBB0054F5C8 /* HomeViewController.swift */; };
		8D332B8A284F5CBB0054F5C8 /* HomeViewController.xib in Resources */ = {isa = PBXBuildFile; fileRef = 8D332B88284F5CBB0054F5C8 /* HomeViewController.xib */; };
		8D332B8D284F62950054F5C8 /* SignUpViewController.swift in Sources */ = {isa = PBXBuildFile; fileRef = 8D332B8B284F62950054F5C8 /* SignUpViewController.swift */; };
		8D332B8E284F62950054F5C8 /* SignUpViewController.xib in Resources */ = {isa = PBXBuildFile; fileRef = 8D332B8C284F62950054F5C8 /* SignUpViewController.xib */; };
		8D332B91284F675C0054F5C8 /* ListViewController.swift in Sources */ = {isa = PBXBuildFile; fileRef = 8D332B8F284F675C0054F5C8 /* ListViewController.swift */; };
		8D332B92284F675C0054F5C8 /* ListViewController.xib in Resources */ = {isa = PBXBuildFile; fileRef = 8D332B90284F675C0054F5C8 /* ListViewController.xib */; };
		8D332B96284F6C860054F5C8 /* Profile.swift in Sources */ = {isa = PBXBuildFile; fileRef = 8D332B95284F6C860054F5C8 /* Profile.swift */; };
		8D332B99284F74260054F5C8 /* ProfileTableViewCell.swift in Sources */ = {isa = PBXBuildFile; fileRef = 8D332B97284F74260054F5C8 /* ProfileTableViewCell.swift */; };
		8D332B9A284F74260054F5C8 /* ProfileTableViewCell.xib in Resources */ = {isa = PBXBuildFile; fileRef = 8D332B98284F74260054F5C8 /* ProfileTableViewCell.xib */; };
/* End PBXBuildFile section */

/* Begin PBXFileReference section */
		8D332B6B284F5C660054F5C8 /* moudulesix.app */ = {isa = PBXFileReference; explicitFileType = wrapper.application; includeInIndex = 0; path = moudulesix.app; sourceTree = BUILT_PRODUCTS_DIR; };
		8D332B6E284F5C660054F5C8 /* AppDelegate.swift */ = {isa = PBXFileReference; lastKnownFileType = sourcecode.swift; path = AppDelegate.swift; sourceTree = "<group>"; };
		8D332B70284F5C660054F5C8 /* SceneDelegate.swift */ = {isa = PBXFileReference; lastKnownFileType = sourcecode.swift; path = SceneDelegate.swift; sourceTree = "<group>"; };
		8D332B72284F5C660054F5C8 /* ViewController.swift */ = {isa = PBXFileReference; lastKnownFileType = sourcecode.swift; path = ViewController.swift; sourceTree = "<group>"; };
		8D332B75284F5C660054F5C8 /* Base */ = {isa = PBXFileReference; lastKnownFileType = file.storyboard; name = Base; path = Base.lproj/Main.storyboard; sourceTree = "<group>"; };
		8D332B78284F5C660054F5C8 /* moudulesix.xcdatamodel */ = {isa = PBXFileReference; lastKnownFileType = wrapper.xcdatamodel; path = moudulesix.xcdatamodel; sourceTree = "<group>"; };
		8D332B7A284F5C680054F5C8 /* Assets.xcassets */ = {isa = PBXFileReference; lastKnownFileType = folder.assetcatalog; path = Assets.xcassets; sourceTree = "<group>"; };
		8D332B7D284F5C680054F5C8 /* Base */ = {isa = PBXFileReference; lastKnownFileType = file.storyboard; name = Base; path = Base.lproj/LaunchScreen.storyboard; sourceTree = "<group>"; };
		8D332B7F284F5C680054F5C8 /* Info.plist */ = {isa = PBXFileReference; lastKnownFileType = text.plist.xml; path = Info.plist; sourceTree = "<group>"; };
		8D332B87284F5CBB0054F5C8 /* HomeViewController.swift */ = {isa = PBXFileReference; lastKnownFileType = sourcecode.swift; path = HomeViewController.swift; sourceTree = "<group>"; };
		8D332B88284F5CBB0054F5C8 /* HomeViewController.xib */ = {isa = PBXFileReference; lastKnownFileType = file.xib; path = HomeViewController.xib; sourceTree = "<group>"; };
		8D332B8B284F62950054F5C8 /* SignUpViewController.swift */ = {isa = PBXFileReference; lastKnownFileType = sourcecode.swift; path = SignUpViewController.swift; sourceTree = "<group>"; };
		8D332B8C284F62950054F5C8 /* SignUpViewController.xib */ = {isa = PBXFileReference; lastKnownFileType = file.xib; path = SignUpViewController.xib; sourceTree = "<group>"; };
		8D332B8F284F675C0054F5C8 /* ListViewController.swift */ = {isa = PBXFileReference; lastKnownFileType = sourcecode.swift; path = ListViewController.swift; sourceTree = "<group>"; };
		8D332B90284F675C0054F5C8 /* ListViewController.xib */ = {isa = PBXFileReference; lastKnownFileType = file.xib; path = ListViewController.xib; sourceTree = "<group>"; };
		8D332B95284F6C860054F5C8 /* Profile.swift */ = {isa = PBXFileReference; lastKnownFileType = sourcecode.swift; path = Profile.swift; sourceTree = "<group>"; };
		8D332B97284F74260054F5C8 /* ProfileTableViewCell.swift */ = {isa = PBXFileReference; lastKnownFileType = sourcecode.swift; path = ProfileTableViewCell.swift; sourceTree = "<group>"; };
		8D332B98284F74260054F5C8 /* ProfileTableViewCell.xib */ = {isa = PBXFileReference; lastKnownFileType = file.xib; path = ProfileTableViewCell.xib; sourceTree = "<group>"; };
/* End PBXFileReference section */

/* Begin PBXFrameworksBuildPhase section */
		8D332B68284F5C660054F5C8 /* Frameworks */ = {
			isa = PBXFrameworksBuildPhase;
			buildActionMask = 2147483647;
			files = (
			);
			runOnlyForDeploymentPostprocessing = 0;
		};
/* End PBXFrameworksBuildPhase section */

/* Begin PBXGroup section */
		8D332B62284F5C660054F5C8 = {
			isa = PBXGroup;
			children = (
				8D332B6D284F5C660054F5C8 /* moudulesix */,
				8D332B6C284F5C660054F5C8 /* Products */,
			);
			sourceTree = "<group>";
		};
		8D332B6C284F5C660054F5C8 /* Products */ = {
			isa = PBXGroup;
			children = (
				8D332B6B284F5C660054F5C8 /* moudulesix.app */,
			);
			name = Products;
			sourceTree = "<group>";
		};
		8D332B6D284F5C660054F5C8 /* moudulesix */ = {
			isa = PBXGroup;
			children = (
				8D332B94284F69660054F5C8 /* models */,
				8D332B93284F695B0054F5C8 /* celles */,
				8D332B86284F5C750054F5C8 /* controllers */,
				8D332B85284F5C6D0054F5C8 /* apputils */,
				8D332B6E284F5C660054F5C8 /* AppDelegate.swift */,
				8D332B70284F5C660054F5C8 /* SceneDelegate.swift */,
				8D332B7F284F5C680054F5C8 /* Info.plist */,
				8D332B77284F5C660054F5C8 /* moudulesix.xcdatamodeld */,
			);
			path = moudulesix;
			sourceTree = "<group>";
		};
		8D332B85284F5C6D0054F5C8 /* apputils */ = {
			isa = PBXGroup;
			children = (
				8D332B72284F5C660054F5C8 /* ViewController.swift */,
				8D332B74284F5C660054F5C8 /* Main.storyboard */,
				8D332B7A284F5C680054F5C8 /* Assets.xcassets */,
				8D332B7C284F5C680054F5C8 /* LaunchScreen.storyboard */,
			);
			path = apputils;
			sourceTree = "<group>";
		};
		8D332B86284F5C750054F5C8 /* controllers */ = {
			isa = PBXGroup;
			children = (
				8D332B87284F5CBB0054F5C8 /* HomeViewController.swift */,
				8D332B88284F5CBB0054F5C8 /* HomeViewController.xib */,
				8D332B8B284F62950054F5C8 /* SignUpViewController.swift */,
				8D332B8C284F62950054F5C8 /* SignUpViewController.xib */,
				8D332B8F284F675C0054F5C8 /* ListViewController.swift */,
				8D332B90284F675C0054F5C8 /* ListViewController.xib */,
			);
			path = controllers;
			sourceTree = "<group>";
		};
		8D332B93284F695B0054F5C8 /* celles */ = {
			isa = PBXGroup;
			children = (
				8D332B97284F74260054F5C8 /* ProfileTableViewCell.swift */,
				8D332B98284F74260054F5C8 /* ProfileTableViewCell.xib */,
			);
			path = celles;
			sourceTree = "<group>";
		};
		8D332B94284F69660054F5C8 /* models */ = {
			isa = PBXGroup;
			children = (
				8D332B95284F6C860054F5C8 /* Profile.swift */,
			);
			path = models;
			sourceTree = "<group>";
		};
/* End PBXGroup section */

/* Begin PBXNativeTarget section */
		8D332B6A284F5C660054F5C8 /* moudulesix */ = {
			isa = PBXNativeTarget;
			buildConfigurationList = 8D332B82284F5C680054F5C8 /* Build configuration list for PBXNativeTarget "moudulesix" */;
			buildPhases = (
				8D332B67284F5C660054F5C8 /* Sources */,
				8D332B68284F5C660054F5C8 /* Frameworks */,
				8D332B69284F5C660054F5C8 /* Resources */,
			);
			buildRules = (
			);
			dependencies = (
			);
			name = moudulesix;
			productName = moudulesix;
			productReference = 8D332B6B284F5C660054F5C8 /* moudulesix.app */;
			productType = "com.apple.product-type.application";
		};
/* End PBXNativeTarget section */

/* Begin PBXProject section */
		8D332B63284F5C660054F5C8 /* Project object */ = {
			isa = PBXProject;
			attributes = {
				BuildIndependentTargetsInParallel = 1;
				LastSwiftUpdateCheck = 1340;
				LastUpgradeCheck = 1340;
				TargetAttributes = {
					8D332B6A284F5C660054F5C8 = {
						CreatedOnToolsVersion = 13.4;
					};
				};
			};
			buildConfigurationList = 8D332B66284F5C660054F5C8 /* Build configuration list for PBXProject "moudulesix" */;
			compatibilityVersion = "Xcode 13.0";
			developmentRegion = en;
			hasScannedForEncodings = 0;
			knownRegions = (
				en,
				Base,
			);
			mainGroup = 8D332B62284F5C660054F5C8;
			productRefGroup = 8D332B6C284F5C660054F5C8 /* Products */;
			projectDirPath = "";
			projectRoot = "";
			targets = (
				8D332B6A284F5C660054F5C8 /* moudulesix */,
			);
		};
/* End PBXProject section */

/* Begin PBXResourcesBuildPhase section */
		8D332B69284F5C660054F5C8 /* Resources */ = {
			isa = PBXResourcesBuildPhase;
			buildActionMask = 2147483647;
			files = (
				8D332B8E284F62950054F5C8 /* SignUpViewController.xib in Resources */,
				8D332B7E284F5C680054F5C8 /* LaunchScreen.storyboard in Resources */,
				8D332B92284F675C0054F5C8 /* ListViewController.xib in Resources */,
				8D332B9A284F74260054F5C8 /* ProfileTableViewCell.xib in Resources */,
				8D332B7B284F5C680054F5C8 /* Assets.xcassets in Resources */,
				8D332B76284F5C660054F5C8 /* Main.storyboard in Resources */,
				8D332B8A284F5CBB0054F5C8 /* HomeViewController.xib in Resources */,
			);
			runOnlyForDeploymentPostprocessing = 0;
		};
/* End PBXResourcesBuildPhase section */

/* Begin PBXSourcesBuildPhase section */
		8D332B67284F5C660054F5C8 /* Sources */ = {
			isa = PBXSourcesBuildPhase;
			buildActionMask = 2147483647;
			files = (
				8D332B8D284F62950054F5C8 /* SignUpViewController.swift in Sources */,
				8D332B96284F6C860054F5C8 /* Profile.swift in Sources */,
				8D332B89284F5CBB0054F5C8 /* HomeViewController.swift in Sources */,
				8D332B99284F74260054F5C8 /* ProfileTableViewCell.swift in Sources */,
				8D332B73284F5C660054F5C8 /* ViewController.swift in Sources */,
				8D332B6F284F5C660054F5C8 /* AppDelegate.swift in Sources */,
				8D332B79284F5C660054F5C8 /* moudulesix.xcdatamodeld in Sources */,
				8D332B71284F5C660054F5C8 /* SceneDelegate.swift in Sources */,
				8D332B91284F675C0054F5C8 /* ListViewController.swift in Sources */,
			);
			runOnlyForDeploymentPostprocessing = 0;
		};
/* End PBXSourcesBuildPhase section */

/* Begin PBXVariantGroup section */
		8D332B74284F5C660054F5C8 /* Main.storyboard */ = {
			isa = PBXVariantGroup;
			children = (
				8D332B75284F5C660054F5C8 /* Base */,
			);
			name = Main.storyboard;
			sourceTree = "<group>";
		};
		8D332B7C284F5C680054F5C8 /* LaunchScreen.storyboard */ = {
			isa = PBXVariantGroup;
			children = (
				8D332B7D284F5C680054F5C8 /* Base */,
			);
			name = LaunchScreen.storyboard;
			sourceTree = "<group>";
		};
/* End PBXVariantGroup section */

/* Begin XCBuildConfiguration section */
		8D332B80284F5C680054F5C8 /* Debug */ = {
			isa = XCBuildConfiguration;
			buildSettings = {
				ALWAYS_SEARCH_USER_PATHS = NO;
				CLANG_ANALYZER_NONNULL = YES;
				CLANG_ANALYZER_NUMBER_OBJECT_CONVERSION = YES_AGGRESSIVE;
				CLANG_CXX_LANGUAGE_STANDARD = "gnu++17";
				CLANG_ENABLE_MODULES = YES;
				CLANG_ENABLE_OBJC_ARC = YES;
				CLANG_ENABLE_OBJC_WEAK = YES;
				CLANG_WARN_BLOCK_CAPTURE_AUTORELEASING = YES;
				CLANG_WARN_BOOL_CONVERSION = YES;
				CLANG_WARN_COMMA = YES;
				CLANG_WARN_CONSTANT_CONVERSION = YES;
				CLANG_WARN_DEPRECATED_OBJC_IMPLEMENTATIONS = YES;
				CLANG_WARN_DIRECT_OBJC_ISA_USAGE = YES_ERROR;
				CLANG_WARN_DOCUMENTATION_COMMENTS = YES;
				CLANG_WARN_EMPTY_BODY = YES;
				CLANG_WARN_ENUM_CONVERSION = YES;
				CLANG_WARN_INFINITE_RECURSION = YES;
				CLANG_WARN_INT_CONVERSION = YES;
				CLANG_WARN_NON_LITERAL_NULL_CONVERSION = YES;
				CLANG_WARN_OBJC_IMPLICIT_RETAIN_SELF = YES;
				CLANG_WARN_OBJC_LITERAL_CONVERSION = YES;
				CLANG_WARN_OBJC_ROOT_CLASS = YES_ERROR;
				CLANG_WARN_QUOTED_INCLUDE_IN_FRAMEWORK_HEADER = YES;
				CLANG_WARN_RANGE_LOOP_ANALYSIS = YES;
				CLANG_WARN_STRICT_PROTOTYPES = YES;
				CLANG_WARN_SUSPICIOUS_MOVE = YES;
				CLANG_WARN_UNGUARDED_AVAILABILITY = YES_AGGRESSIVE;
				CLANG_WARN_UNREACHABLE_CODE = YES;
				CLANG_WARN__DUPLICATE_METHOD_MATCH = YES;
				COPY_PHASE_STRIP = NO;
				DEBUG_INFORMATION_FORMAT = dwarf;
				ENABLE_STRICT_OBJC_MSGSEND = YES;
				ENABLE_TESTABILITY = YES;
				GCC_C_LANGUAGE_STANDARD = gnu11;
				GCC_DYNAMIC_NO_PIC = NO;
				GCC_NO_COMMON_BLOCKS = YES;
				GCC_OPTIMIZATION_LEVEL = 0;
				GCC_PREPROCESSOR_DEFINITIONS = (
					"DEBUG=1",
					"$(inherited)",
				);
				GCC_WARN_64_TO_32_BIT_CONVERSION = YES;
				GCC_WARN_ABOUT_RETURN_TYPE = YES_ERROR;
				GCC_WARN_UNDECLARED_SELECTOR = YES;
				GCC_WARN_UNINITIALIZED_AUTOS = YES_AGGRESSIVE;
				GCC_WARN_UNUSED_FUNCTION = YES;
				GCC_WARN_UNUSED_VARIABLE = YES;
				IPHONEOS_DEPLOYMENT_TARGET = 15.5;
				MTL_ENABLE_DEBUG_INFO = INCLUDE_SOURCE;
				MTL_FAST_MATH = YES;
				ONLY_ACTIVE_ARCH = YES;
				SDKROOT = iphoneos;
				SWIFT_ACTIVE_COMPILATION_CONDITIONS = DEBUG;
				SWIFT_OPTIMIZATION_LEVEL = "-Onone";
			};
			name = Debug;
		};
		8D332B81284F5C680054F5C8 /* Release */ = {
			isa = XCBuildConfiguration;
			buildSettings = {
				ALWAYS_SEARCH_USER_PATHS = NO;
				CLANG_ANALYZER_NONNULL = YES;
				CLANG_ANALYZER_NUMBER_OBJECT_CONVERSION = YES_AGGRESSIVE;
				CLANG_CXX_LANGUAGE_STANDARD = "gnu++17";
				CLANG_ENABLE_MODULES = YES;
				CLANG_ENABLE_OBJC_ARC = YES;
				CLANG_ENABLE_OBJC_WEAK = YES;
				CLANG_WARN_BLOCK_CAPTURE_AUTORELEASING = YES;
				CLANG_WARN_BOOL_CONVERSION = YES;
				CLANG_WARN_COMMA = YES;
				CLANG_WARN_CONSTANT_CONVERSION = YES;
				CLANG_WARN_DEPRECATED_OBJC_IMPLEMENTATIONS = YES;
				CLANG_WARN_DIRECT_OBJC_ISA_USAGE = YES_ERROR;
				CLANG_WARN_DOCUMENTATION_COMMENTS = YES;
				CLANG_WARN_EMPTY_BODY = YES;
				CLANG_WARN_ENUM_CONVERSION = YES;
				CLANG_WARN_INFINITE_RECURSION = YES;
				CLANG_WARN_INT_CONVERSION = YES;
				CLANG_WARN_NON_LITERAL_NULL_CONVERSION = YES;
				CLANG_WARN_OBJC_IMPLICIT_RETAIN_SELF = YES;
				CLANG_WARN_OBJC_LITERAL_CONVERSION = YES;
				CLANG_WARN_OBJC_ROOT_CLASS = YES_ERROR;
				CLANG_WARN_QUOTED_INCLUDE_IN_FRAMEWORK_HEADER = YES;
				CLANG_WARN_RANGE_LOOP_ANALYSIS = YES;
				CLANG_WARN_STRICT_PROTOTYPES = YES;
				CLANG_WARN_SUSPICIOUS_MOVE = YES;
				CLANG_WARN_UNGUARDED_AVAILABILITY = YES_AGGRESSIVE;
				CLANG_WARN_UNREACHABLE_CODE = YES;
				CLANG_WARN__DUPLICATE_METHOD_MATCH = YES;
				COPY_PHASE_STRIP = NO;
				DEBUG_INFORMATION_FORMAT = "dwarf-with-dsym";
				ENABLE_NS_ASSERTIONS = NO;
				ENABLE_STRICT_OBJC_MSGSEND = YES;
				GCC_C_LANGUAGE_STANDARD = gnu11;
				GCC_NO_COMMON_BLOCKS = YES;
				GCC_WARN_64_TO_32_BIT_CONVERSION = YES;
				GCC_WARN_ABOUT_RETURN_TYPE = YES_ERROR;
				GCC_WARN_UNDECLARED_SELECTOR = YES;
				GCC_WARN_UNINITIALIZED_AUTOS = YES_AGGRESSIVE;
				GCC_WARN_UNUSED_FUNCTION = YES;
				GCC_WARN_UNUSED_VARIABLE = YES;
				IPHONEOS_DEPLOYMENT_TARGET = 15.5;
				MTL_ENABLE_DEBUG_INFO = NO;
				MTL_FAST_MATH = YES;
				SDKROOT = iphoneos;
				SWIFT_COMPILATION_MODE = wholemodule;
				SWIFT_OPTIMIZATION_LEVEL = "-O";
				VALIDATE_PRODUCT = YES;
			};
			name = Release;
		};
		8D332B83284F5C680054F5C8 /* Debug */ = {
			isa = XCBuildConfiguration;
			buildSettings = {
				ASSETCATALOG_COMPILER_APPICON_NAME = AppIcon;
				ASSETCATALOG_COMPILER_GLOBAL_ACCENT_COLOR_NAME = AccentColor;
				CODE_SIGN_STYLE = Automatic;
				CURRENT_PROJECT_VERSION = 1;
				DEVELOPMENT_TEAM = 9D9LQFC4NQ;
				GENERATE_INFOPLIST_FILE = YES;
				INFOPLIST_FILE = moudulesix/Info.plist;
				INFOPLIST_KEY_UIApplicationSupportsIndirectInputEvents = YES;
				INFOPLIST_KEY_UILaunchStoryboardName = LaunchScreen;
				INFOPLIST_KEY_UIMainStoryboardFile = Main;
				INFOPLIST_KEY_UISupportedInterfaceOrientations_iPad = "UIInterfaceOrientationPortrait UIInterfaceOrientationPortraitUpsideDown UIInterfaceOrientationLandscapeLeft UIInterfaceOrientationLandscapeRight";
				INFOPLIST_KEY_UISupportedInterfaceOrientations_iPhone = "UIInterfaceOrientationPortrait UIInterfaceOrientationLandscapeLeft UIInterfaceOrientationLandscapeRight";
				LD_RUNPATH_SEARCH_PATHS = (
					"$(inherited)",
					"@executable_path/Frameworks",
				);
				MARKETING_VERSION = 1.0;
				PRODUCT_BUNDLE_IDENTIFIER = uz.karavella.moudulesix;
				PRODUCT_NAME = "$(TARGET_NAME)";
				SWIFT_EMIT_LOC_STRINGS = YES;
				SWIFT_VERSION = 5.0;
				TARGETED_DEVICE_FAMILY = "1,2";
			};
			name = Debug;
		};
		8D332B84284F5C680054F5C8 /* Release */ = {
			isa = XCBuildConfiguration;
			buildSettings = {
				ASSETCATALOG_COMPILER_APPICON_NAME = AppIcon;
				ASSETCATALOG_COMPILER_GLOBAL_ACCENT_COLOR_NAME = AccentColor;
				CODE_SIGN_STYLE = Automatic;
				CURRENT_PROJECT_VERSION = 1;
				DEVELOPMENT_TEAM = 9D9LQFC4NQ;
				GENERATE_INFOPLIST_FILE = YES;
				INFOPLIST_FILE = moudulesix/Info.plist;
				INFOPLIST_KEY_UIApplicationSupportsIndirectInputEvents = YES;
				INFOPLIST_KEY_UILaunchStoryboardName = LaunchScreen;
				INFOPLIST_KEY_UIMainStoryboardFile = Main;
				INFOPLIST_KEY_UISupportedInterfaceOrientations_iPad = "UIInterfaceOrientationPortrait UIInterfaceOrientationPortraitUpsideDown UIInterfaceOrientationLandscapeLeft UIInterfaceOrientationLandscapeRight";
				INFOPLIST_KEY_UISupportedInterfaceOrientations_iPhone = "UIInterfaceOrientationPortrait UIInterfaceOrientationLandscapeLeft UIInterfaceOrientationLandscapeRight";
				LD_RUNPATH_SEARCH_PATHS = (
					"$(inherited)",
					"@executable_path/Frameworks",
				);
				MARKETING_VERSION = 1.0;
				PRODUCT_BUNDLE_IDENTIFIER = uz.karavella.moudulesix;
				PRODUCT_NAME = "$(TARGET_NAME)";
				SWIFT_EMIT_LOC_STRINGS = YES;
				SWIFT_VERSION = 5.0;
				TARGETED_DEVICE_FAMILY = "1,2";
			};
			name = Release;
		};
/* End XCBuildConfiguration section */

/* Begin XCConfigurationList section */
		8D332B66284F5C660054F5C8 /* Build configuration list for PBXProject "moudulesix" */ = {
			isa = XCConfigurationList;
			buildConfigurations = (
				8D332B80284F5C680054F5C8 /* Debug */,
				8D332B81284F5C680054F5C8 /* Release */,
			);
			defaultConfigurationIsVisible = 0;
			defaultConfigurationName = Release;
		};
		8D332B82284F5C680054F5C8 /* Build configuration list for PBXNativeTarget "moudulesix" */ = {
			isa = XCConfigurationList;
			buildConfigurations = (
				8D332B83284F5C680054F5C8 /* Debug */,
				8D332B84284F5C680054F5C8 /* Release */,
			);
			defaultConfigurationIsVisible = 0;
			defaultConfigurationName = Release;
		};
/* End XCConfigurationList section */

/* Begin XCVersionGroup section */
		8D332B77284F5C660054F5C8 /* moudulesix.xcdatamodeld */ = {
			isa = XCVersionGroup;
			children = (
				8D332B78284F5C660054F5C8 /* moudulesix.xcdatamodel */,
			);
			currentVersion = 8D332B78284F5C660054F5C8 /* moudulesix.xcdatamodel */;
			path = moudulesix.xcdatamodeld;
			sourceTree = "<group>";
			versionGroupType = wrapper.xcdatamodel;
		};
/* End XCVersionGroup section */
	};
	rootObject = 8D332B63284F5C660054F5C8 /* Project object */;
}
